{
  "name": "simple-modbus-api",
  "version": "0.0.0",
  "lockfileVersion": 3,
  "requires": true,
  "packages": {
    "": {
      "name": "simple-modbus-api",
      "version": "0.0.0",
      "dependencies": {
        "browse-url": "^1.1.5",
        "config-sets": "^2.6.3",
        "tiny-https-server": "^1.7.6"
      }
    },
    "node_modules/browse-url": {
      "version": "1.1.5",
      "resolved": "https://registry.npmjs.org/browse-url/-/browse-url-1.1.5.tgz",
      "integrity": "sha512-1SQAlA5TrZdyLBq/VMFx0NXvGAIyOv01AlqgFygJKCd5PfXRJDlcNvUn/tUjuDEMz3Ct4faGCF7LT6TQ9W9nmQ==",
      "dependencies": {
        "config-sets": "^2.2.5"
      }
    },
    "node_modules/config-sets": {
      "version": "2.6.3",
      "resolved": "https://registry.npmjs.org/config-sets/-/config-sets-2.6.3.tgz",
      "integrity": "sha512-MDtjB4XvzWb6leEE2u1f0cQF6Su+zA4Xk5lpkuqQZ4KPDr2a8aMYLiGxoX60MMjPyhchzDvxi9vMbI5tcAc5Wg=="
    },
    "node_modules/tiny-https-server": {
      "version": "1.7.6",
      "resolved": "https://registry.npmjs.org/tiny-https-server/-/tiny-https-server-1.7.6.tgz",
      "integrity": "sha512-5GnHV836LTzxsdRsIqlXQ5SnZT+aHkc5Sng3rMdo0HgGjy7ej0EDrJZ0+uKPifnEo0PTrU9gK/ut6b8OgnG94A==",
      "dependencies": {
        "config-sets": "^2.5.0"
      }
    }
  }
}
